
Microsoft Visual Studio Solution File, Format Version 12.00
# Visual Studio Version 16
VisualStudioVersion = 16.0.30804.86
MinimumVisualStudioVersion = 10.0.40219.1
Project("{FAE04EC0-301F-11D3-BF4B-00C04F79EFBC}") = "OptimizationExam", "OptimizationExam\OptimizationExam.csproj", "{2BA62E6B-6D47-4D46-BCE4-554470A6211B}"
EndProject
Global
	GlobalSection(SolutionConfigurationPlatforms) = preSolution
		Debug|Any CPU = Debug|Any CPU
		Release|Any CPU = Release|Any CPU
	EndGlobalSection
	GlobalSection(ProjectConfigurationPlatforms) = postSolution
		{2BA62E6B-6D47-4D46-BCE4-554470A6211B}.Debug|Any CPU.ActiveCfg = Debug|Any CPU
		{2BA62E6B-6D47-4D46-BCE4-554470A6211B}.Debug|Any CPU.Build.0 = Debug|Any CPU
		{2BA62E6B-6D47-4D46-BCE4-554470A6211B}.Release|Any CPU.ActiveCfg = Release|Any CPU
		{2BA62E6B-6D47-4D46-BCE4-554470A6211B}.Release|Any CPU.Build.0 = Release|Any CPU
	EndGlobalSection
	GlobalSection(SolutionProperties) = preSolution
		HideSolutionNode = FALSE
	EndGlobalSection
	GlobalSection(ExtensibilityGlobals) = postSolution
		SolutionGuid = {C535BBD2-927B-4B25-B949-0A878CD1AE7B}
	EndGlobalSection
EndGlobal
